# THIS IS AN AUTOGENERATED FILE. DO NOT EDIT THIS FILE DIRECTLY.
# yarn lockfile v1


"@zkl2333/freetype-wasm@2.14.3":
  version "2.14.3"
  resolved "https://registry.yarnpkg.com/@zkl2333/freetype-wasm/-/freetype-wasm-2.14.3.tgz#d1e1e4f16cba6e70c1bc8ede3e114f5e8abcc346"
  integrity sha512-A7fgJM0s+yh8NCQ9CAk4pbV+SpJp0DC3tirNPebL60ssc5D0awftWcR6zdD6teZUQgG2J8pk3AiqVXyHmElxDg==

harfbuzzjs@1.6.1:
  version "1.6.1"
  resolved "https://registry.yarnpkg.com/harfbuzzjs/-/harfbuzzjs-1.6.1.tgz#c93b59ba288f58417f6efc594dbc061726711d93"
  integrity sha512-+JeJmO+HzXjDwpfCOdGSyM2bNP8WzJNFKl/8TKivbInMYDtfRIuPIDLtnBNmQzcJw6GptbhHY6o5gaH6deCMEw==
